
Microsoft Visual Studio Solution File, Format Version 12.00
# Visual Studio Version 17
VisualStudioVersion = 17.5.002.0
MinimumVisualStudioVersion = 10.0.40219.1
Project("{9A19103F-16F7-4668-BE54-9A1E7A4F7556}") = "ConsoleStopwatch", "ConsoleStopwatch.csproj", "{363D3016-0516-4269-A5D1-FEB12B2187EB}"
EndProject
Global
	GlobalSection(SolutionConfigurationPlatforms) = preSolution
		Debug|Any CPU = Debug|Any CPU
		Release|Any CPU = Release|Any CPU
	EndGlobalSection
	GlobalSection(ProjectConfigurationPlatforms) = postSolution
		{363D3016-0516-4269-A5D1-FEB12B2187EB}.Debug|Any CPU.ActiveCfg = Debug|Any CPU
		{363D3016-0516-4269-A5D1-FEB12B2187EB}.Debug|Any CPU.Build.0 = Debug|Any CPU
		{363D3016-0516-4269-A5D1-FEB12B2187EB}.Release|Any CPU.ActiveCfg = Release|Any CPU
		{363D3016-0516-4269-A5D1-FEB12B2187EB}.Release|Any CPU.Build.0 = Release|Any CPU
	EndGlobalSection
	GlobalSection(SolutionProperties) = preSolution
		HideSolutionNode = FALSE
	EndGlobalSection
	GlobalSection(ExtensibilityGlobals) = postSolution
		SolutionGuid = {C84CF74F-AA07-4E79-AC4F-A03B40F31F11}
	EndGlobalSection
EndGlobal
